
Microsoft Visual Studio Solution File, Format Version 12.00
# Visual Studio Version 16
VisualStudioVersion = 16.0.31624.102
MinimumVisualStudioVersion = 10.0.40219.1
Project("{FAE04EC0-301F-11D3-BF4B-00C04F79EFBC}") = "eMemo", "eMemo.csproj", "{84631C01-6D81-46C8-94F3-5A857E6C3229}"
EndProject
Project("{FAE04EC0-301F-11D3-BF4B-00C04F79EFBC}") = "eMemoWeb", "..\eMemoWeb\eMemoWeb.csproj", "{6538F1E0-9EAC-4D56-BE88-BCD8610A03FD}"
EndProject
Global
	GlobalSection(SolutionConfigurationPlatforms) = preSolution
		Debug|Any CPU = Debug|Any CPU
		Release|Any CPU = Release|Any CPU
	EndGlobalSection
	GlobalSection(ProjectConfigurationPlatforms) = postSolution
		{84631C01-6D81-46C8-94F3-5A857E6C3229}.Debug|Any CPU.ActiveCfg = Debug|Any CPU
		{84631C01-6D81-46C8-94F3-5A857E6C3229}.Debug|Any CPU.Build.0 = Debug|Any CPU
		{84631C01-6D81-46C8-94F3-5A857E6C3229}.Debug|Any CPU.Deploy.0 = Debug|Any CPU
		{84631C01-6D81-46C8-94F3-5A857E6C3229}.Release|Any CPU.ActiveCfg = Release|Any CPU
		{84631C01-6D81-46C8-94F3-5A857E6C3229}.Release|Any CPU.Build.0 = Release|Any CPU
		{84631C01-6D81-46C8-94F3-5A857E6C3229}.Release|Any CPU.Deploy.0 = Release|Any CPU
		{6538F1E0-9EAC-4D56-BE88-BCD8610A03FD}.Debug|Any CPU.ActiveCfg = Debug|Any CPU
		{6538F1E0-9EAC-4D56-BE88-BCD8610A03FD}.Debug|Any CPU.Build.0 = Debug|Any CPU
		{6538F1E0-9EAC-4D56-BE88-BCD8610A03FD}.Release|Any CPU.ActiveCfg = Release|Any CPU
		{6538F1E0-9EAC-4D56-BE88-BCD8610A03FD}.Release|Any CPU.Build.0 = Release|Any CPU
	EndGlobalSection
	GlobalSection(SolutionProperties) = preSolution
		HideSolutionNode = FALSE
	EndGlobalSection
	GlobalSection(ExtensibilityGlobals) = postSolution
		SolutionGuid = {B31376A9-092A-4357-B1A5-EABD105A8880}
	EndGlobalSection
EndGlobal
